// !$*UTF8*$!
{
	archiveVersion = 1;
	classes = {
	};
	objectVersion = 55;
	objects = {

/* Begin PBXBuildFile section */
		4F32559C281AFD60001970AE /* SwiftUI_WeatherApp.swift in Sources */ = {isa = PBXBuildFile; fileRef = 4F32559B281AFD60001970AE /* SwiftUI_WeatherApp.swift */; };
		4F3255A0281AFD62001970AE /* Assets.xcassets in Resources */ = {isa = PBXBuildFile; fileRef = 4F32559F281AFD62001970AE /* Assets.xcassets */; };
		4F3255A3281AFD62001970AE /* Preview Assets.xcassets in Resources */ = {isa = PBXBuildFile; fileRef = 4F3255A2281AFD62001970AE /* Preview Assets.xcassets */; };
		4F9A94D0281EE28E005C0420 /* BasicTextExampleView.swift in Sources */ = {isa = PBXBuildFile; fileRef = 4F9A94C3281EE28E005C0420 /* BasicTextExampleView.swift */; };
		4F9A94D1281EE28E005C0420 /* CompleteWeatherUIView.swift in Sources */ = {isa = PBXBuildFile; fileRef = 4F9A94C5281EE28E005C0420 /* CompleteWeatherUIView.swift */; };
		4F9A94D2281EE28E005C0420 /* RefactoredWeatherUIView.swift in Sources */ = {isa = PBXBuildFile; fileRef = 4F9A94C7281EE28E005C0420 /* RefactoredWeatherUIView.swift */; };
		4F9A94D6281EE28E005C0420 /* FinalCustomButton.swift in Sources */ = {isa = PBXBuildFile; fileRef = 4F9A94CE281EE28E005C0420 /* FinalCustomButton.swift */; };
		4F9A94D7281EE28E005C0420 /* FinalContentView.swift in Sources */ = {isa = PBXBuildFile; fileRef = 4F9A94CF281EE28E005C0420 /* FinalContentView.swift */; };
		4F9A94DA281EE2B0005C0420 /* BasicWeatherUIView.swift in Sources */ = {isa = PBXBuildFile; fileRef = 4F9A94D9281EE2B0005C0420 /* BasicWeatherUIView.swift */; };
/* End PBXBuildFile section */

/* Begin PBXFileReference section */
		4F325598281AFD60001970AE /* SwiftUI-Weather.app */ = {isa = PBXFileReference; explicitFileType = wrapper.application; includeInIndex = 0; path = "SwiftUI-Weather.app"; sourceTree = BUILT_PRODUCTS_DIR; };
		4F32559B281AFD60001970AE /* SwiftUI_WeatherApp.swift */ = {isa = PBXFileReference; lastKnownFileType = sourcecode.swift; path = SwiftUI_WeatherApp.swift; sourceTree = "<group>"; };
		4F32559F281AFD62001970AE /* Assets.xcassets */ = {isa = PBXFileReference; lastKnownFileType = folder.assetcatalog; path = Assets.xcassets; sourceTree = "<group>"; };
		4F3255A2281AFD62001970AE /* Preview Assets.xcassets */ = {isa = PBXFileReference; lastKnownFileType = folder.assetcatalog; path = "Preview Assets.xcassets"; sourceTree = "<group>"; };
		4F9A94C3281EE28E005C0420 /* BasicTextExampleView.swift */ = {isa = PBXFileReference; fileEncoding = 4; lastKnownFileType = sourcecode.swift; path = BasicTextExampleView.swift; sourceTree = "<group>"; };
		4F9A94C5281EE28E005C0420 /* CompleteWeatherUIView.swift */ = {isa = PBXFileReference; fileEncoding = 4; lastKnownFileType = sourcecode.swift; path = CompleteWeatherUIView.swift; sourceTree = "<group>"; };
		4F9A94C7281EE28E005C0420 /* RefactoredWeatherUIView.swift */ = {isa = PBXFileReference; fileEncoding = 4; lastKnownFileType = sourcecode.swift; path = RefactoredWeatherUIView.swift; sourceTree = "<group>"; };
		4F9A94CE281EE28E005C0420 /* FinalCustomButton.swift */ = {isa = PBXFileReference; fileEncoding = 4; lastKnownFileType = sourcecode.swift; path = FinalCustomButton.swift; sourceTree = "<group>"; };
		4F9A94CF281EE28E005C0420 /* FinalContentView.swift */ = {isa = PBXFileReference; fileEncoding = 4; lastKnownFileType = sourcecode.swift; path = FinalContentView.swift; sourceTree = "<group>"; };
		4F9A94D9281EE2B0005C0420 /* BasicWeatherUIView.swift */ = {isa = PBXFileReference; fileEncoding = 4; lastKnownFileType = sourcecode.swift; path = BasicWeatherUIView.swift; sourceTree = "<group>"; };
/* End PBXFileReference section */

/* Begin PBXFrameworksBuildPhase section */
		4F325595281AFD60001970AE /* Frameworks */ = {
			isa = PBXFrameworksBuildPhase;
			buildActionMask = 2147483647;
			files = (
			);
			runOnlyForDeploymentPostprocessing = 0;
		};
/* End PBXFrameworksBuildPhase section */

/* Begin PBXGroup section */
		4F32558F281AFD5F001970AE = {
			isa = PBXGroup;
			children = (
				4F32559A281AFD60001970AE /* SwiftUI-Weather */,
				4F325599281AFD60001970AE /* Products */,
			);
			sourceTree = "<group>";
		};
		4F325599281AFD60001970AE /* Products */ = {
			isa = PBXGroup;
			children = (
				4F325598281AFD60001970AE /* SwiftUI-Weather.app */,
			);
			name = Products;
			sourceTree = "<group>";
		};
		4F32559A281AFD60001970AE /* SwiftUI-Weather */ = {
			isa = PBXGroup;
			children = (
				4F9A94C2281EE28E005C0420 /* Step1 - BasicTextExampleView */,
				4F9A94D8281EE2B0005C0420 /* Step2 - BasicWeatherUIView */,
				4F9A94C4281EE28E005C0420 /* Step3 - CompleteWeatherUIView */,
				4F9A94C6281EE28E005C0420 /* Step4 - RefactoredWeatherUIView */,
				4F9A94CD281EE28E005C0420 /* Step5 - DataFlow */,
				4F32559B281AFD60001970AE /* SwiftUI_WeatherApp.swift */,
				4F32559F281AFD62001970AE /* Assets.xcassets */,
				4F3255A1281AFD62001970AE /* Preview Content */,
			);
			path = "SwiftUI-Weather";
			sourceTree = "<group>";
		};
		4F3255A1281AFD62001970AE /* Preview Content */ = {
			isa = PBXGroup;
			children = (
				4F3255A2281AFD62001970AE /* Preview Assets.xcassets */,
			);
			path = "Preview Content";
			sourceTree = "<group>";
		};
		4F9A94C2281EE28E005C0420 /* Step1 - BasicTextExampleView */ = {
			isa = PBXGroup;
			children = (
				4F9A94C3281EE28E005C0420 /* BasicTextExampleView.swift */,
			);
			path = "Step1 - BasicTextExampleView";
			sourceTree = "<group>";
		};
		4F9A94C4281EE28E005C0420 /* Step3 - CompleteWeatherUIView */ = {
			isa = PBXGroup;
			children = (
				4F9A94C5281EE28E005C0420 /* CompleteWeatherUIView.swift */,
			);
			path = "Step3 - CompleteWeatherUIView";
			sourceTree = "<group>";
		};
		4F9A94C6281EE28E005C0420 /* Step4 - RefactoredWeatherUIView */ = {
			isa = PBXGroup;
			children = (
				4F9A94C7281EE28E005C0420 /* RefactoredWeatherUIView.swift */,
			);
			path = "Step4 - RefactoredWeatherUIView";
			sourceTree = "<group>";
		};
		4F9A94CD281EE28E005C0420 /* Step5 - DataFlow */ = {
			isa = PBXGroup;
			children = (
				4F9A94CE281EE28E005C0420 /* FinalCustomButton.swift */,
				4F9A94CF281EE28E005C0420 /* FinalContentView.swift */,
			);
			path = "Step5 - DataFlow";
			sourceTree = "<group>";
		};
		4F9A94D8281EE2B0005C0420 /* Step2 - BasicWeatherUIView */ = {
			isa = PBXGroup;
			children = (
				4F9A94D9281EE2B0005C0420 /* BasicWeatherUIView.swift */,
			);
			path = "Step2 - BasicWeatherUIView";
			sourceTree = "<group>";
		};
/* End PBXGroup section */

/* Begin PBXNativeTarget section */
		4F325597281AFD60001970AE /* SwiftUI-Weather */ = {
			isa = PBXNativeTarget;
			buildConfigurationList = 4F3255A6281AFD62001970AE /* Build configuration list for PBXNativeTarget "SwiftUI-Weather" */;
			buildPhases = (
				4F325594281AFD60001970AE /* Sources */,
				4F325595281AFD60001970AE /* Frameworks */,
				4F325596281AFD60001970AE /* Resources */,
			);
			buildRules = (
			);
			dependencies = (
			);
			name = "SwiftUI-Weather";
			productName = "SwiftUI-Weather";
			productReference = 4F325598281AFD60001970AE /* SwiftUI-Weather.app */;
			productType = "com.apple.product-type.application";
		};
/* End PBXNativeTarget section */

/* Begin PBXProject section */
		4F325590281AFD60001970AE /* Project object */ = {
			isa = PBXProject;
			attributes = {
				BuildIndependentTargetsInParallel = 1;
				LastSwiftUpdateCheck = 1320;
				LastUpgradeCheck = 1320;
				TargetAttributes = {
					4F325597281AFD60001970AE = {
						CreatedOnToolsVersion = 13.2.1;
					};
				};
			};
			buildConfigurationList = 4F325593281AFD60001970AE /* Build configuration list for PBXProject "SwiftUI-Weather" */;
			compatibilityVersion = "Xcode 13.0";
			developmentRegion = en;
			hasScannedForEncodings = 0;
			knownRegions = (
				en,
				Base,
			);
			mainGroup = 4F32558F281AFD5F001970AE;
			productRefGroup = 4F325599281AFD60001970AE /* Products */;
			projectDirPath = "";
			projectRoot = "";
			targets = (
				4F325597281AFD60001970AE /* SwiftUI-Weather */,
			);
		};
/* End PBXProject section */

/* Begin PBXResourcesBuildPhase section */
		4F325596281AFD60001970AE /* Resources */ = {
			isa = PBXResourcesBuildPhase;
			buildActionMask = 2147483647;
			files = (
				4F3255A3281AFD62001970AE /* Preview Assets.xcassets in Resources */,
				4F3255A0281AFD62001970AE /* Assets.xcassets in Resources */,
			);
			runOnlyForDeploymentPostprocessing = 0;
		};
/* End PBXResourcesBuildPhase section */

/* Begin PBXSourcesBuildPhase section */
		4F325594281AFD60001970AE /* Sources */ = {
			isa = PBXSourcesBuildPhase;
			buildActionMask = 2147483647;
			files = (
				4F9A94DA281EE2B0005C0420 /* BasicWeatherUIView.swift in Sources */,
				4F9A94D7281EE28E005C0420 /* FinalContentView.swift in Sources */,
				4F9A94D2281EE28E005C0420 /* RefactoredWeatherUIView.swift in Sources */,
				4F9A94D6281EE28E005C0420 /* FinalCustomButton.swift in Sources */,
				4F32559C281AFD60001970AE /* SwiftUI_WeatherApp.swift in Sources */,
				4F9A94D0281EE28E005C0420 /* BasicTextExampleView.swift in Sources */,
				4F9A94D1281EE28E005C0420 /* CompleteWeatherUIView.swift in Sources */,
			);
			runOnlyForDeploymentPostprocessing = 0;
		};
/* End PBXSourcesBuildPhase section */

/* Begin XCBuildConfiguration section */
		4F3255A4281AFD62001970AE /* Debug */ = {
			isa = XCBuildConfiguration;
			buildSettings = {
				ALWAYS_SEARCH_USER_PATHS = NO;
				CLANG_ANALYZER_NONNULL = YES;
				CLANG_ANALYZER_NUMBER_OBJECT_CONVERSION = YES_AGGRESSIVE;
				CLANG_CXX_LANGUAGE_STANDARD = "gnu++17";
				CLANG_CXX_LIBRARY = "libc++";
				CLANG_ENABLE_MODULES = YES;
				CLANG_ENABLE_OBJC_ARC = YES;
				CLANG_ENABLE_OBJC_WEAK = YES;
				CLANG_WARN_BLOCK_CAPTURE_AUTORELEASING = YES;
				CLANG_WARN_BOOL_CONVERSION = YES;
				CLANG_WARN_COMMA = YES;
				CLANG_WARN_CONSTANT_CONVERSION = YES;
				CLANG_WARN_DEPRECATED_OBJC_IMPLEMENTATIONS = YES;
				CLANG_WARN_DIRECT_OBJC_ISA_USAGE = YES_ERROR;
				CLANG_WARN_DOCUMENTATION_COMMENTS = YES;
				CLANG_WARN_EMPTY_BODY = YES;
				CLANG_WARN_ENUM_CONVERSION = YES;
				CLANG_WARN_INFINITE_RECURSION = YES;
				CLANG_WARN_INT_CONVERSION = YES;
				CLANG_WARN_NON_LITERAL_NULL_CONVERSION = YES;
				CLANG_WARN_OBJC_IMPLICIT_RETAIN_SELF = YES;
				CLANG_WARN_OBJC_LITERAL_CONVERSION = YES;
				CLANG_WARN_OBJC_ROOT_CLASS = YES_ERROR;
				CLANG_WARN_QUOTED_INCLUDE_IN_FRAMEWORK_HEADER = YES;
				CLANG_WARN_RANGE_LOOP_ANALYSIS = YES;
				CLANG_WARN_STRICT_PROTOTYPES = YES;
				CLANG_WARN_SUSPICIOUS_MOVE = YES;
				CLANG_WARN_UNGUARDED_AVAILABILITY = YES_AGGRESSIVE;
				CLANG_WARN_UNREACHABLE_CODE = YES;
				CLANG_WARN__DUPLICATE_METHOD_MATCH = YES;
				COPY_PHASE_STRIP = NO;
				DEBUG_INFORMATION_FORMAT = dwarf;
				ENABLE_STRICT_OBJC_MSGSEND = YES;
				ENABLE_TESTABILITY = YES;
				GCC_C_LANGUAGE_STANDARD = gnu11;
				GCC_DYNAMIC_NO_PIC = NO;
				GCC_NO_COMMON_BLOCKS = YES;
				GCC_OPTIMIZATION_LEVEL = 0;
				GCC_PREPROCESSOR_DEFINITIONS = (
					"DEBUG=1",
					"$(inherited)",
				);
				GCC_WARN_64_TO_32_BIT_CONVERSION = YES;
				GCC_WARN_ABOUT_RETURN_TYPE = YES_ERROR;
				GCC_WARN_UNDECLARED_SELECTOR = YES;
				GCC_WARN_UNINITIALIZED_AUTOS = YES_AGGRESSIVE;
				GCC_WARN_UNUSED_FUNCTION = YES;
				GCC_WARN_UNUSED_VARIABLE = YES;
				IPHONEOS_DEPLOYMENT_TARGET = 15.2;
				MTL_ENABLE_DEBUG_INFO = INCLUDE_SOURCE;
				MTL_FAST_MATH = YES;
				ONLY_ACTIVE_ARCH = YES;
				SDKROOT = iphoneos;
				SWIFT_ACTIVE_COMPILATION_CONDITIONS = DEBUG;
				SWIFT_OPTIMIZATION_LEVEL = "-Onone";
			};
			name = Debug;
		};
		4F3255A5281AFD62001970AE /* Release */ = {
			isa = XCBuildConfiguration;
			buildSettings = {
				ALWAYS_SEARCH_USER_PATHS = NO;
				CLANG_ANALYZER_NONNULL = YES;
				CLANG_ANALYZER_NUMBER_OBJECT_CONVERSION = YES_AGGRESSIVE;
				CLANG_CXX_LANGUAGE_STANDARD = "gnu++17";
				CLANG_CXX_LIBRARY = "libc++";
				CLANG_ENABLE_MODULES = YES;
				CLANG_ENABLE_OBJC_ARC = YES;
				CLANG_ENABLE_OBJC_WEAK = YES;
				CLANG_WARN_BLOCK_CAPTURE_AUTORELEASING = YES;
				CLANG_WARN_BOOL_CONVERSION = YES;
				CLANG_WARN_COMMA = YES;
				CLANG_WARN_CONSTANT_CONVERSION = YES;
				CLANG_WARN_DEPRECATED_OBJC_IMPLEMENTATIONS = YES;
				CLANG_WARN_DIRECT_OBJC_ISA_USAGE = YES_ERROR;
				CLANG_WARN_DOCUMENTATION_COMMENTS = YES;
				CLANG_WARN_EMPTY_BODY = YES;
				CLANG_WARN_ENUM_CONVERSION = YES;
				CLANG_WARN_INFINITE_RECURSION = YES;
				CLANG_WARN_INT_CONVERSION = YES;
				CLANG_WARN_NON_LITERAL_NULL_CONVERSION = YES;
				CLANG_WARN_OBJC_IMPLICIT_RETAIN_SELF = YES;
				CLANG_WARN_OBJC_LITERAL_CONVERSION = YES;
				CLANG_WARN_OBJC_ROOT_CLASS = YES_ERROR;
				CLANG_WARN_QUOTED_INCLUDE_IN_FRAMEWORK_HEADER = YES;
				CLANG_WARN_RANGE_LOOP_ANALYSIS = YES;
				CLANG_WARN_STRICT_PROTOTYPES = YES;
				CLANG_WARN_SUSPICIOUS_MOVE = YES;
				CLANG_WARN_UNGUARDED_AVAILABILITY = YES_AGGRESSIVE;
				CLANG_WARN_UNREACHABLE_CODE = YES;
				CLANG_WARN__DUPLICATE_METHOD_MATCH = YES;
				COPY_PHASE_STRIP = NO;
				DEBUG_INFORMATION_FORMAT = "dwarf-with-dsym";
				ENABLE_NS_ASSERTIONS = NO;
				ENABLE_STRICT_OBJC_MSGSEND = YES;
				GCC_C_LANGUAGE_STANDARD = gnu11;
				GCC_NO_COMMON_BLOCKS = YES;
				GCC_WARN_64_TO_32_BIT_CONVERSION = YES;
				GCC_WARN_ABOUT_RETURN_TYPE = YES_ERROR;
				GCC_WARN_UNDECLARED_SELECTOR = YES;
				GCC_WARN_UNINITIALIZED_AUTOS = YES_AGGRESSIVE;
				GCC_WARN_UNUSED_FUNCTION = YES;
				GCC_WARN_UNUSED_VARIABLE = YES;
				IPHONEOS_DEPLOYMENT_TARGET = 15.2;
				MTL_ENABLE_DEBUG_INFO = NO;
				MTL_FAST_MATH = YES;
				SDKROOT = iphoneos;
				SWIFT_COMPILATION_MODE = wholemodule;
				SWIFT_OPTIMIZATION_LEVEL = "-O";
				VALIDATE_PRODUCT = YES;
			};
			name = Release;
		};
		4F3255A7281AFD62001970AE /* Debug */ = {
			isa = XCBuildConfiguration;
			buildSettings = {
				ASSETCATALOG_COMPILER_APPICON_NAME = AppIcon;
				ASSETCATALOG_COMPILER_GLOBAL_ACCENT_COLOR_NAME = AccentColor;
				CODE_SIGN_STYLE = Automatic;
				CURRENT_PROJECT_VERSION = 1;
				DEVELOPMENT_ASSET_PATHS = "\"SwiftUI-Weather/Preview Content\"";
				DEVELOPMENT_TEAM = 9GAFD6X8ZF;
				ENABLE_PREVIEWS = YES;
				GENERATE_INFOPLIST_FILE = YES;
				INFOPLIST_KEY_UIApplicationSceneManifest_Generation = YES;
				INFOPLIST_KEY_UIApplicationSupportsIndirectInputEvents = YES;
				INFOPLIST_KEY_UILaunchScreen_Generation = YES;
				INFOPLIST_KEY_UISupportedInterfaceOrientations_iPad = "UIInterfaceOrientationPortrait UIInterfaceOrientationPortraitUpsideDown UIInterfaceOrientationLandscapeLeft UIInterfaceOrientationLandscapeRight";
				INFOPLIST_KEY_UISupportedInterfaceOrientations_iPhone = "UIInterfaceOrientationPortrait UIInterfaceOrientationLandscapeLeft UIInterfaceOrientationLandscapeRight";
				LD_RUNPATH_SEARCH_PATHS = (
					"$(inherited)",
					"@executable_path/Frameworks",
				);
				MARKETING_VERSION = 1.0;
				PRODUCT_BUNDLE_IDENTIFIER = "com.justeattakeaway.SwiftUI-Weather";
				PRODUCT_NAME = "$(TARGET_NAME)";
				SWIFT_EMIT_LOC_STRINGS = YES;
				SWIFT_VERSION = 5.0;
				TARGETED_DEVICE_FAMILY = "1,2";
			};
			name = Debug;
		};
		4F3255A8281AFD62001970AE /* Release */ = {
			isa = XCBuildConfiguration;
			buildSettings = {
				ASSETCATALOG_COMPILER_APPICON_NAME = AppIcon;
				ASSETCATALOG_COMPILER_GLOBAL_ACCENT_COLOR_NAME = AccentColor;
				CODE_SIGN_STYLE = Automatic;
				CURRENT_PROJECT_VERSION = 1;
				DEVELOPMENT_ASSET_PATHS = "\"SwiftUI-Weather/Preview Content\"";
				DEVELOPMENT_TEAM = 9GAFD6X8ZF;
				ENABLE_PREVIEWS = YES;
				GENERATE_INFOPLIST_FILE = YES;
				INFOPLIST_KEY_UIApplicationSceneManifest_Generation = YES;
				INFOPLIST_KEY_UIApplicationSupportsIndirectInputEvents = YES;
				INFOPLIST_KEY_UILaunchScreen_Generation = YES;
				INFOPLIST_KEY_UISupportedInterfaceOrientations_iPad = "UIInterfaceOrientationPortrait UIInterfaceOrientationPortraitUpsideDown UIInterfaceOrientationLandscapeLeft UIInterfaceOrientationLandscapeRight";
				INFOPLIST_KEY_UISupportedInterfaceOrientations_iPhone = "UIInterfaceOrientationPortrait UIInterfaceOrientationLandscapeLeft UIInterfaceOrientationLandscapeRight";
				LD_RUNPATH_SEARCH_PATHS = (
					"$(inherited)",
					"@executable_path/Frameworks",
				);
				MARKETING_VERSION = 1.0;
				PRODUCT_BUNDLE_IDENTIFIER = "com.justeattakeaway.SwiftUI-Weather";
				PRODUCT_NAME = "$(TARGET_NAME)";
				SWIFT_EMIT_LOC_STRINGS = YES;
				SWIFT_VERSION = 5.0;
				TARGETED_DEVICE_FAMILY = "1,2";
			};
			name = Release;
		};
/* End XCBuildConfiguration section */

/* Begin XCConfigurationList section */
		4F325593281AFD60001970AE /* Build configuration list for PBXProject "SwiftUI-Weather" */ = {
			isa = XCConfigurationList;
			buildConfigurations = (
				4F3255A4281AFD62001970AE /* Debug */,
				4F3255A5281AFD62001970AE /* Release */,
			);
			defaultConfigurationIsVisible = 0;
			defaultConfigurationName = Release;
		};
		4F3255A6281AFD62001970AE /* Build configuration list for PBXNativeTarget "SwiftUI-Weather" */ = {
			isa = XCConfigurationList;
			buildConfigurations = (
				4F3255A7281AFD62001970AE /* Debug */,
				4F3255A8281AFD62001970AE /* Release */,
			);
			defaultConfigurationIsVisible = 0;
			defaultConfigurationName = Release;
		};
/* End XCConfigurationList section */
	};
	rootObject = 4F325590281AFD60001970AE /* Project object */;
}
